
Microsoft Visual Studio Solution File, Format Version 12.00
# Visual Studio Version 16
VisualStudioVersion = 16.0.30804.86
MinimumVisualStudioVersion = 10.0.40219.1
Project("{FAE04EC0-301F-11D3-BF4B-00C04F79EFBC}") = "SqlCommandExample", "SqlCommandExample\SqlCommandExample.csproj", "{24DEABFA-3409-43D3-B97F-B935BC52B12C}"
EndProject
Global
	GlobalSection(SolutionConfigurationPlatforms) = preSolution
		Debug|Any CPU = Debug|Any CPU
		Release|Any CPU = Release|Any CPU
	EndGlobalSection
	GlobalSection(ProjectConfigurationPlatforms) = postSolution
		{24DEABFA-3409-43D3-B97F-B935BC52B12C}.Debug|Any CPU.ActiveCfg = Debug|Any CPU
		{24DEABFA-3409-43D3-B97F-B935BC52B12C}.Debug|Any CPU.Build.0 = Debug|Any CPU
		{24DEABFA-3409-43D3-B97F-B935BC52B12C}.Release|Any CPU.ActiveCfg = Release|Any CPU
		{24DEABFA-3409-43D3-B97F-B935BC52B12C}.Release|Any CPU.Build.0 = Release|Any CPU
	EndGlobalSection
	GlobalSection(SolutionProperties) = preSolution
		HideSolutionNode = FALSE
	EndGlobalSection
	GlobalSection(ExtensibilityGlobals) = postSolution
		SolutionGuid = {AE3D0B93-6115-46DD-AAD7-B21D8E23EFDC}
	EndGlobalSection
EndGlobal
